// !$*UTF8*$!
{
	archiveVersion = 1;
	classes = {
	};
	objectVersion = 55;
	objects = {

/* Begin PBXBuildFile section */
		188FEDF3276763A400EB8186 /* AppDelegate.swift in Sources */ = {isa = PBXBuildFile; fileRef = 188FEDF2276763A400EB8186 /* AppDelegate.swift */; };
		188FEDF5276763A400EB8186 /* SceneDelegate.swift in Sources */ = {isa = PBXBuildFile; fileRef = 188FEDF4276763A400EB8186 /* SceneDelegate.swift */; };
		188FEDFA276763A400EB8186 /* Main.storyboard in Resources */ = {isa = PBXBuildFile; fileRef = 188FEDF8276763A400EB8186 /* Main.storyboard */; };
		188FEDFC276763A800EB8186 /* Assets.xcassets in Resources */ = {isa = PBXBuildFile; fileRef = 188FEDFB276763A800EB8186 /* Assets.xcassets */; };
		188FEDFF276763A800EB8186 /* LaunchScreen.storyboard in Resources */ = {isa = PBXBuildFile; fileRef = 188FEDFD276763A800EB8186 /* LaunchScreen.storyboard */; };
		188FEE072767699200EB8186 /* ControllerVC.swift in Sources */ = {isa = PBXBuildFile; fileRef = 188FEE062767699200EB8186 /* ControllerVC.swift */; };
		188FEE09276769A500EB8186 /* OrangeViewController.swift in Sources */ = {isa = PBXBuildFile; fileRef = 188FEE08276769A500EB8186 /* OrangeViewController.swift */; };
		188FEE0B276769B100EB8186 /* GreenViewController.swift in Sources */ = {isa = PBXBuildFile; fileRef = 188FEE0A276769B100EB8186 /* GreenViewController.swift */; };
		188FEE0D276769BD00EB8186 /* PinkViewController.swift in Sources */ = {isa = PBXBuildFile; fileRef = 188FEE0C276769BD00EB8186 /* PinkViewController.swift */; };
		188FEE0F276769CD00EB8186 /* BlueViewController.swift in Sources */ = {isa = PBXBuildFile; fileRef = 188FEE0E276769CD00EB8186 /* BlueViewController.swift */; };
/* End PBXBuildFile section */

/* Begin PBXFileReference section */
		188FEDEF276763A400EB8186 /* ContainerViews2.app */ = {isa = PBXFileReference; explicitFileType = wrapper.application; includeInIndex = 0; path = ContainerViews2.app; sourceTree = BUILT_PRODUCTS_DIR; };
		188FEDF2276763A400EB8186 /* AppDelegate.swift */ = {isa = PBXFileReference; lastKnownFileType = sourcecode.swift; path = AppDelegate.swift; sourceTree = "<group>"; };
		188FEDF4276763A400EB8186 /* SceneDelegate.swift */ = {isa = PBXFileReference; lastKnownFileType = sourcecode.swift; path = SceneDelegate.swift; sourceTree = "<group>"; };
		188FEDF9276763A400EB8186 /* Base */ = {isa = PBXFileReference; lastKnownFileType = file.storyboard; name = Base; path = Base.lproj/Main.storyboard; sourceTree = "<group>"; };
		188FEDFB276763A800EB8186 /* Assets.xcassets */ = {isa = PBXFileReference; lastKnownFileType = folder.assetcatalog; path = Assets.xcassets; sourceTree = "<group>"; };
		188FEDFE276763A800EB8186 /* Base */ = {isa = PBXFileReference; lastKnownFileType = file.storyboard; name = Base; path = Base.lproj/LaunchScreen.storyboard; sourceTree = "<group>"; };
		188FEE00276763A800EB8186 /* Info.plist */ = {isa = PBXFileReference; lastKnownFileType = text.plist.xml; path = Info.plist; sourceTree = "<group>"; };
		188FEE062767699200EB8186 /* ControllerVC.swift */ = {isa = PBXFileReference; lastKnownFileType = sourcecode.swift; path = ControllerVC.swift; sourceTree = "<group>"; };
		188FEE08276769A500EB8186 /* OrangeViewController.swift */ = {isa = PBXFileReference; lastKnownFileType = sourcecode.swift; path = OrangeViewController.swift; sourceTree = "<group>"; };
		188FEE0A276769B100EB8186 /* GreenViewController.swift */ = {isa = PBXFileReference; lastKnownFileType = sourcecode.swift; path = GreenViewController.swift; sourceTree = "<group>"; };
		188FEE0C276769BD00EB8186 /* PinkViewController.swift */ = {isa = PBXFileReference; lastKnownFileType = sourcecode.swift; path = PinkViewController.swift; sourceTree = "<group>"; };
		188FEE0E276769CD00EB8186 /* BlueViewController.swift */ = {isa = PBXFileReference; lastKnownFileType = sourcecode.swift; path = BlueViewController.swift; sourceTree = "<group>"; };
/* End PBXFileReference section */

/* Begin PBXFrameworksBuildPhase section */
		188FEDEC276763A400EB8186 /* Frameworks */ = {
			isa = PBXFrameworksBuildPhase;
			buildActionMask = 2147483647;
			files = (
			);
			runOnlyForDeploymentPostprocessing = 0;
		};
/* End PBXFrameworksBuildPhase section */

/* Begin PBXGroup section */
		188FEDE6276763A400EB8186 = {
			isa = PBXGroup;
			children = (
				188FEDF1276763A400EB8186 /* ContainerViews2 */,
				188FEDF0276763A400EB8186 /* Products */,
			);
			sourceTree = "<group>";
		};
		188FEDF0276763A400EB8186 /* Products */ = {
			isa = PBXGroup;
			children = (
				188FEDEF276763A400EB8186 /* ContainerViews2.app */,
			);
			name = Products;
			sourceTree = "<group>";
		};
		188FEDF1276763A400EB8186 /* ContainerViews2 */ = {
			isa = PBXGroup;
			children = (
				188FEDF2276763A400EB8186 /* AppDelegate.swift */,
				188FEDF4276763A400EB8186 /* SceneDelegate.swift */,
				188FEDF8276763A400EB8186 /* Main.storyboard */,
				188FEDFB276763A800EB8186 /* Assets.xcassets */,
				188FEDFD276763A800EB8186 /* LaunchScreen.storyboard */,
				188FEE00276763A800EB8186 /* Info.plist */,
				188FEE062767699200EB8186 /* ControllerVC.swift */,
				188FEE08276769A500EB8186 /* OrangeViewController.swift */,
				188FEE0A276769B100EB8186 /* GreenViewController.swift */,
				188FEE0C276769BD00EB8186 /* PinkViewController.swift */,
				188FEE0E276769CD00EB8186 /* BlueViewController.swift */,
			);
			path = ContainerViews2;
			sourceTree = "<group>";
		};
/* End PBXGroup section */

/* Begin PBXNativeTarget section */
		188FEDEE276763A400EB8186 /* ContainerViews2 */ = {
			isa = PBXNativeTarget;
			buildConfigurationList = 188FEE03276763A800EB8186 /* Build configuration list for PBXNativeTarget "ContainerViews2" */;
			buildPhases = (
				188FEDEB276763A400EB8186 /* Sources */,
				188FEDEC276763A400EB8186 /* Frameworks */,
				188FEDED276763A400EB8186 /* Resources */,
			);
			buildRules = (
			);
			dependencies = (
			);
			name = ContainerViews2;
			productName = ContainerViews2;
			productReference = 188FEDEF276763A400EB8186 /* ContainerViews2.app */;
			productType = "com.apple.product-type.application";
		};
/* End PBXNativeTarget section */

/* Begin PBXProject section */
		188FEDE7276763A400EB8186 /* Project object */ = {
			isa = PBXProject;
			attributes = {
				BuildIndependentTargetsInParallel = 1;
				LastSwiftUpdateCheck = 1310;
				LastUpgradeCheck = 1310;
				TargetAttributes = {
					188FEDEE276763A400EB8186 = {
						CreatedOnToolsVersion = 13.1;
					};
				};
			};
			buildConfigurationList = 188FEDEA276763A400EB8186 /* Build configuration list for PBXProject "ContainerViews2" */;
			compatibilityVersion = "Xcode 13.0";
			developmentRegion = en;
			hasScannedForEncodings = 0;
			knownRegions = (
				en,
				Base,
			);
			mainGroup = 188FEDE6276763A400EB8186;
			productRefGroup = 188FEDF0276763A400EB8186 /* Products */;
			projectDirPath = "";
			projectRoot = "";
			targets = (
				188FEDEE276763A400EB8186 /* ContainerViews2 */,
			);
		};
/* End PBXProject section */

/* Begin PBXResourcesBuildPhase section */
		188FEDED276763A400EB8186 /* Resources */ = {
			isa = PBXResourcesBuildPhase;
			buildActionMask = 2147483647;
			files = (
				188FEDFF276763A800EB8186 /* LaunchScreen.storyboard in Resources */,
				188FEDFC276763A800EB8186 /* Assets.xcassets in Resources */,
				188FEDFA276763A400EB8186 /* Main.storyboard in Resources */,
			);
			runOnlyForDeploymentPostprocessing = 0;
		};
/* End PBXResourcesBuildPhase section */

/* Begin PBXSourcesBuildPhase section */
		188FEDEB276763A400EB8186 /* Sources */ = {
			isa = PBXSourcesBuildPhase;
			buildActionMask = 2147483647;
			files = (
				188FEE0D276769BD00EB8186 /* PinkViewController.swift in Sources */,
				188FEE09276769A500EB8186 /* OrangeViewController.swift in Sources */,
				188FEDF3276763A400EB8186 /* AppDelegate.swift in Sources */,
				188FEE072767699200EB8186 /* ControllerVC.swift in Sources */,
				188FEDF5276763A400EB8186 /* SceneDelegate.swift in Sources */,
				188FEE0B276769B100EB8186 /* GreenViewController.swift in Sources */,
				188FEE0F276769CD00EB8186 /* BlueViewController.swift in Sources */,
			);
			runOnlyForDeploymentPostprocessing = 0;
		};
/* End PBXSourcesBuildPhase section */

/* Begin PBXVariantGroup section */
		188FEDF8276763A400EB8186 /* Main.storyboard */ = {
			isa = PBXVariantGroup;
			children = (
				188FEDF9276763A400EB8186 /* Base */,
			);
			name = Main.storyboard;
			sourceTree = "<group>";
		};
		188FEDFD276763A800EB8186 /* LaunchScreen.storyboard */ = {
			isa = PBXVariantGroup;
			children = (
				188FEDFE276763A800EB8186 /* Base */,
			);
			name = LaunchScreen.storyboard;
			sourceTree = "<group>";
		};
/* End PBXVariantGroup section */

/* Begin XCBuildConfiguration section */
		188FEE01276763A800EB8186 /* Debug */ = {
			isa = XCBuildConfiguration;
			buildSettings = {
				ALWAYS_SEARCH_USER_PATHS = NO;
				CLANG_ANALYZER_NONNULL = YES;
				CLANG_ANALYZER_NUMBER_OBJECT_CONVERSION = YES_AGGRESSIVE;
				CLANG_CXX_LANGUAGE_STANDARD = "gnu++17";
				CLANG_CXX_LIBRARY = "libc++";
				CLANG_ENABLE_MODULES = YES;
				CLANG_ENABLE_OBJC_ARC = YES;
				CLANG_ENABLE_OBJC_WEAK = YES;
				CLANG_WARN_BLOCK_CAPTURE_AUTORELEASING = YES;
				CLANG_WARN_BOOL_CONVERSION = YES;
				CLANG_WARN_COMMA = YES;
				CLANG_WARN_CONSTANT_CONVERSION = YES;
				CLANG_WARN_DEPRECATED_OBJC_IMPLEMENTATIONS = YES;
				CLANG_WARN_DIRECT_OBJC_ISA_USAGE = YES_ERROR;
				CLANG_WARN_DOCUMENTATION_COMMENTS = YES;
				CLANG_WARN_EMPTY_BODY = YES;
				CLANG_WARN_ENUM_CONVERSION = YES;
				CLANG_WARN_INFINITE_RECURSION = YES;
				CLANG_WARN_INT_CONVERSION = YES;
				CLANG_WARN_NON_LITERAL_NULL_CONVERSION = YES;
				CLANG_WARN_OBJC_IMPLICIT_RETAIN_SELF = YES;
				CLANG_WARN_OBJC_LITERAL_CONVERSION = YES;
				CLANG_WARN_OBJC_ROOT_CLASS = YES_ERROR;
				CLANG_WARN_QUOTED_INCLUDE_IN_FRAMEWORK_HEADER = YES;
				CLANG_WARN_RANGE_LOOP_ANALYSIS = YES;
				CLANG_WARN_STRICT_PROTOTYPES = YES;
				CLANG_WARN_SUSPICIOUS_MOVE = YES;
				CLANG_WARN_UNGUARDED_AVAILABILITY = YES_AGGRESSIVE;
				CLANG_WARN_UNREACHABLE_CODE = YES;
				CLANG_WARN__DUPLICATE_METHOD_MATCH = YES;
				COPY_PHASE_STRIP = NO;
				DEBUG_INFORMATION_FORMAT = dwarf;
				ENABLE_STRICT_OBJC_MSGSEND = YES;
				ENABLE_TESTABILITY = YES;
				GCC_C_LANGUAGE_STANDARD = gnu11;
				GCC_DYNAMIC_NO_PIC = NO;
				GCC_NO_COMMON_BLOCKS = YES;
				GCC_OPTIMIZATION_LEVEL = 0;
				GCC_PREPROCESSOR_DEFINITIONS = (
					"DEBUG=1",
					"$(inherited)",
				);
				GCC_WARN_64_TO_32_BIT_CONVERSION = YES;
				GCC_WARN_ABOUT_RETURN_TYPE = YES_ERROR;
				GCC_WARN_UNDECLARED_SELECTOR = YES;
				GCC_WARN_UNINITIALIZED_AUTOS = YES_AGGRESSIVE;
				GCC_WARN_UNUSED_FUNCTION = YES;
				GCC_WARN_UNUSED_VARIABLE = YES;
				IPHONEOS_DEPLOYMENT_TARGET = 15.0;
				MTL_ENABLE_DEBUG_INFO = INCLUDE_SOURCE;
				MTL_FAST_MATH = YES;
				ONLY_ACTIVE_ARCH = YES;
				SDKROOT = iphoneos;
				SWIFT_ACTIVE_COMPILATION_CONDITIONS = DEBUG;
				SWIFT_OPTIMIZATION_LEVEL = "-Onone";
			};
			name = Debug;
		};
		188FEE02276763A800EB8186 /* Release */ = {
			isa = XCBuildConfiguration;
			buildSettings = {
				ALWAYS_SEARCH_USER_PATHS = NO;
				CLANG_ANALYZER_NONNULL = YES;
				CLANG_ANALYZER_NUMBER_OBJECT_CONVERSION = YES_AGGRESSIVE;
				CLANG_CXX_LANGUAGE_STANDARD = "gnu++17";
				CLANG_CXX_LIBRARY = "libc++";
				CLANG_ENABLE_MODULES = YES;
				CLANG_ENABLE_OBJC_ARC = YES;
				CLANG_ENABLE_OBJC_WEAK = YES;
				CLANG_WARN_BLOCK_CAPTURE_AUTORELEASING = YES;
				CLANG_WARN_BOOL_CONVERSION = YES;
				CLANG_WARN_COMMA = YES;
				CLANG_WARN_CONSTANT_CONVERSION = YES;
				CLANG_WARN_DEPRECATED_OBJC_IMPLEMENTATIONS = YES;
				CLANG_WARN_DIRECT_OBJC_ISA_USAGE = YES_ERROR;
				CLANG_WARN_DOCUMENTATION_COMMENTS = YES;
				CLANG_WARN_EMPTY_BODY = YES;
				CLANG_WARN_ENUM_CONVERSION = YES;
				CLANG_WARN_INFINITE_RECURSION = YES;
				CLANG_WARN_INT_CONVERSION = YES;
				CLANG_WARN_NON_LITERAL_NULL_CONVERSION = YES;
				CLANG_WARN_OBJC_IMPLICIT_RETAIN_SELF = YES;
				CLANG_WARN_OBJC_LITERAL_CONVERSION = YES;
				CLANG_WARN_OBJC_ROOT_CLASS = YES_ERROR;
				CLANG_WARN_QUOTED_INCLUDE_IN_FRAMEWORK_HEADER = YES;
				CLANG_WARN_RANGE_LOOP_ANALYSIS = YES;
				CLANG_WARN_STRICT_PROTOTYPES = YES;
				CLANG_WARN_SUSPICIOUS_MOVE = YES;
				CLANG_WARN_UNGUARDED_AVAILABILITY = YES_AGGRESSIVE;
				CLANG_WARN_UNREACHABLE_CODE = YES;
				CLANG_WARN__DUPLICATE_METHOD_MATCH = YES;
				COPY_PHASE_STRIP = NO;
				DEBUG_INFORMATION_FORMAT = "dwarf-with-dsym";
				ENABLE_NS_ASSERTIONS = NO;
				ENABLE_STRICT_OBJC_MSGSEND = YES;
				GCC_C_LANGUAGE_STANDARD = gnu11;
				GCC_NO_COMMON_BLOCKS = YES;
				GCC_WARN_64_TO_32_BIT_CONVERSION = YES;
				GCC_WARN_ABOUT_RETURN_TYPE = YES_ERROR;
				GCC_WARN_UNDECLARED_SELECTOR = YES;
				GCC_WARN_UNINITIALIZED_AUTOS = YES_AGGRESSIVE;
				GCC_WARN_UNUSED_FUNCTION = YES;
				GCC_WARN_UNUSED_VARIABLE = YES;
				IPHONEOS_DEPLOYMENT_TARGET = 15.0;
				MTL_ENABLE_DEBUG_INFO = NO;
				MTL_FAST_MATH = YES;
				SDKROOT = iphoneos;
				SWIFT_COMPILATION_MODE = wholemodule;
				SWIFT_OPTIMIZATION_LEVEL = "-O";
				VALIDATE_PRODUCT = YES;
			};
			name = Release;
		};
		188FEE04276763A800EB8186 /* Debug */ = {
			isa = XCBuildConfiguration;
			buildSettings = {
				ASSETCATALOG_COMPILER_APPICON_NAME = AppIcon;
				ASSETCATALOG_COMPILER_GLOBAL_ACCENT_COLOR_NAME = AccentColor;
				CODE_SIGN_STYLE = Automatic;
				CURRENT_PROJECT_VERSION = 1;
				DEVELOPMENT_TEAM = DG4KJUCBGL;
				GENERATE_INFOPLIST_FILE = YES;
				INFOPLIST_FILE = ContainerViews2/Info.plist;
				INFOPLIST_KEY_UIApplicationSupportsIndirectInputEvents = YES;
				INFOPLIST_KEY_UILaunchStoryboardName = LaunchScreen;
				INFOPLIST_KEY_UIMainStoryboardFile = Main;
				INFOPLIST_KEY_UISupportedInterfaceOrientations_iPad = "UIInterfaceOrientationPortrait UIInterfaceOrientationPortraitUpsideDown UIInterfaceOrientationLandscapeLeft UIInterfaceOrientationLandscapeRight";
				INFOPLIST_KEY_UISupportedInterfaceOrientations_iPhone = "UIInterfaceOrientationPortrait UIInterfaceOrientationLandscapeLeft UIInterfaceOrientationLandscapeRight";
				LD_RUNPATH_SEARCH_PATHS = (
					"$(inherited)",
					"@executable_path/Frameworks",
				);
				MARKETING_VERSION = 1.0;
				PRODUCT_BUNDLE_IDENTIFIER = OneBanc.ContainerViews2;
				PRODUCT_NAME = "$(TARGET_NAME)";
				SWIFT_EMIT_LOC_STRINGS = YES;
				SWIFT_VERSION = 5.0;
				TARGETED_DEVICE_FAMILY = "1,2";
			};
			name = Debug;
		};
		188FEE05276763A800EB8186 /* Release */ = {
			isa = XCBuildConfiguration;
			buildSettings = {
				ASSETCATALOG_COMPILER_APPICON_NAME = AppIcon;
				ASSETCATALOG_COMPILER_GLOBAL_ACCENT_COLOR_NAME = AccentColor;
				CODE_SIGN_STYLE = Automatic;
				CURRENT_PROJECT_VERSION = 1;
				DEVELOPMENT_TEAM = DG4KJUCBGL;
				GENERATE_INFOPLIST_FILE = YES;
				INFOPLIST_FILE = ContainerViews2/Info.plist;
				INFOPLIST_KEY_UIApplicationSupportsIndirectInputEvents = YES;
				INFOPLIST_KEY_UILaunchStoryboardName = LaunchScreen;
				INFOPLIST_KEY_UIMainStoryboardFile = Main;
				INFOPLIST_KEY_UISupportedInterfaceOrientations_iPad = "UIInterfaceOrientationPortrait UIInterfaceOrientationPortraitUpsideDown UIInterfaceOrientationLandscapeLeft UIInterfaceOrientationLandscapeRight";
				INFOPLIST_KEY_UISupportedInterfaceOrientations_iPhone = "UIInterfaceOrientationPortrait UIInterfaceOrientationLandscapeLeft UIInterfaceOrientationLandscapeRight";
				LD_RUNPATH_SEARCH_PATHS = (
					"$(inherited)",
					"@executable_path/Frameworks",
				);
				MARKETING_VERSION = 1.0;
				PRODUCT_BUNDLE_IDENTIFIER = OneBanc.ContainerViews2;
				PRODUCT_NAME = "$(TARGET_NAME)";
				SWIFT_EMIT_LOC_STRINGS = YES;
				SWIFT_VERSION = 5.0;
				TARGETED_DEVICE_FAMILY = "1,2";
			};
			name = Release;
		};
/* End XCBuildConfiguration section */

/* Begin XCConfigurationList section */
		188FEDEA276763A400EB8186 /* Build configuration list for PBXProject "ContainerViews2" */ = {
			isa = XCConfigurationList;
			buildConfigurations = (
				188FEE01276763A800EB8186 /* Debug */,
				188FEE02276763A800EB8186 /* Release */,
			);
			defaultConfigurationIsVisible = 0;
			defaultConfigurationName = Release;
		};
		188FEE03276763A800EB8186 /* Build configuration list for PBXNativeTarget "ContainerViews2" */ = {
			isa = XCConfigurationList;
			buildConfigurations = (
				188FEE04276763A800EB8186 /* Debug */,
				188FEE05276763A800EB8186 /* Release */,
			);
			defaultConfigurationIsVisible = 0;
			defaultConfigurationName = Release;
		};
/* End XCConfigurationList section */
	};
	rootObject = 188FEDE7276763A400EB8186 /* Project object */;
}
